{
  "lockfileVersion": 1,
  "configVersion": 1,
  "workspaces": {
    "": {
      "name": "@chuzz/ui",
      "peerDependencies": {
        "@pathscale/ui": "^2.2.0",
        "solid-js": "^1.9.5",
        "solid-layouts": "^0.1.2",
      },
    },
  },
  "packages": {
    "@pathscale/ui": ["@pathscale/ui@2.2.0", "", { "dependencies": { "@tanstack/solid-virtual": "^3.13.27", "clsx": "^2.1.1", "tailwind-merge": "^3.6.0" }, "peerDependencies": { "@solid-primitives/event-listener": "^2.3.0", "@solid-primitives/intersection-observer": "^2.1.3", "@solid-primitives/keyboard": "^1.2.5", "@solid-primitives/media": "^2.2.5", "@solid-primitives/props": "^3.1.8", "@solid-primitives/resize-observer": "^2.0.22", "@solid-primitives/scheduled": "^1.4.1", "@solid-primitives/scroll": "^2.0.20", "@solid-primitives/storage": "^2.1.1", "@solid-primitives/utils": "^6.2.1", "@standard-schema/spec": "^1.0.0", "@tanstack/solid-form": "^1.29.0", "@tanstack/solid-table": "^8.0.0", "popmotion": "^11.0.5", "solid-js": "^1.9", "solid-layouts": "^0.1.3" }, "optionalPeers": ["@standard-schema/spec", "popmotion"] }, "sha512-Nse/WZPIDo3a0qmbpHt4Urzn5rNhTFui6iqHpfMBOcD+wpKAxf/39UOQHBsJZK7GV5UsBNenmjSQ/59FQlAZnQ=="],

    "@solid-primitives/event-listener": ["@solid-primitives/event-listener@2.4.6", "", { "dependencies": { "@solid-primitives/utils": "^6.4.1" }, "peerDependencies": { "solid-js": "^1.6.12" } }, "sha512-5I0YJcTVYIWoMmgBSROBZGcz+ymhew/pGTg2dHW74BUjFKsV8Li4bOZYl0YAGP4mHw5o4UBd9/BEesqBci3wxw=="],

    "@solid-primitives/intersection-observer": ["@solid-primitives/intersection-observer@2.2.5", "", { "dependencies": { "@solid-primitives/utils": "^6.4.1" }, "peerDependencies": { "solid-js": "^1.6.12" } }, "sha512-mhlQETWaS4jjVBBmfFUsUSih5eSqVdYD7bDAjwmhxEAy1bydKTiaCn8g3ARQB1jM/92qyxTcOvTCpPoMIOkaPA=="],

    "@solid-primitives/keyboard": ["@solid-primitives/keyboard@1.3.7", "", { "dependencies": { "@solid-primitives/event-listener": "^2.4.6", "@solid-primitives/rootless": "^1.5.4", "@solid-primitives/utils": "^6.4.1" }, "peerDependencies": { "solid-js": "^1.6.12" } }, "sha512-558RPNYnXx4nGh537DSqAn4xMrC8iFipl/5+xzgzWoTNFst4RnUN3BOLmtDjJ0UGGoQXVMALYR3bNOHM0xnt1Q=="],

    "@solid-primitives/media": ["@solid-primitives/media@2.3.6", "", { "dependencies": { "@solid-primitives/event-listener": "^2.4.6", "@solid-primitives/rootless": "^1.5.4", "@solid-primitives/static-store": "^0.1.4", "@solid-primitives/utils": "^6.4.1" }, "peerDependencies": { "solid-js": "^1.6.12" } }, "sha512-pk49gPOq/UMRUJ+pTSrOfBiR8xJjRYHXIf1iR/jSnyQ/KroU+ZXhkZzavC7hvfp2vJeOTW5k2/HN0r3Q1VJ7Pw=="],

    "@solid-primitives/props": ["@solid-primitives/props@3.2.4", "", { "dependencies": { "@solid-primitives/utils": "^6.4.1" }, "peerDependencies": { "solid-js": "^1.6.12" } }, "sha512-MXXdvi2TSB6d+0N6ueA/HP1j/Kh9SEc4WdF1ZDMLwPagxW6pIHHSS9xbRO0RjqSVpNP4j0nxCWT1hx3CkJNhNA=="],

    "@solid-primitives/resize-observer": ["@solid-primitives/resize-observer@2.2.0", "", { "dependencies": { "@solid-primitives/event-listener": "^2.4.6", "@solid-primitives/rootless": "^1.5.4", "@solid-primitives/static-store": "^0.1.4", "@solid-primitives/utils": "^6.4.1" }, "peerDependencies": { "solid-js": "^1.6.12" } }, "sha512-9Fuu/EWBeGj+atGHRJp70HKhdfalmpjwxY8a32NZixdLNmfCJ45AfhLQNr6uOzETbbiMx4iCKlTrJ8KZCHC2Ww=="],

    "@solid-primitives/rootless": ["@solid-primitives/rootless@1.5.4", "", { "dependencies": { "@solid-primitives/utils": "^6.4.1" }, "peerDependencies": { "solid-js": "^1.6.12" } }, "sha512-TOIZa1VUfVJ+9nkCcRajw3U4t9vBOP1HxX1WHNTbXq32mXwlqTvUnC4CRIilohcryBkT9u2ZkhUDSHRTaGp55g=="],

    "@solid-primitives/scheduled": ["@solid-primitives/scheduled@1.5.3", "", { "peerDependencies": { "solid-js": "^1.6.12" } }, "sha512-oNwLE6E6lxJAWrc8QXuwM0k2oU1BnANnkChwMw82aK1j3+mWGJkG1IFe5gCwbV+afYmjI76t9JJV3md/8tLw+g=="],

    "@solid-primitives/scroll": ["@solid-primitives/scroll@2.1.6", "", { "dependencies": { "@solid-primitives/event-listener": "^2.4.6", "@solid-primitives/rootless": "^1.5.4", "@solid-primitives/static-store": "^0.1.4" }, "peerDependencies": { "solid-js": "^1.6.12" } }, "sha512-0qXgveGKtmwLee4SxkEZhTxgGVu8p7Utpe1f1Y4zSKaJoIsIc+PqPFMMy3HjIvjfVOGeAtuVwHn+kxMkF+5VEg=="],

    "@solid-primitives/static-store": ["@solid-primitives/static-store@0.1.4", "", { "dependencies": { "@solid-primitives/utils": "^6.4.1" }, "peerDependencies": { "solid-js": "^1.6.12" } }, "sha512-LgtVaVBtB7EbmS4+M0b8xY5Iq6pUWXBsIC4VgtrFKDGDdyCaDt88sHk0fUlx1Enxm/XZnZyLXJABRoa39RjJqA=="],

    "@solid-primitives/storage": ["@solid-primitives/storage@2.1.4", "", { "dependencies": { "@solid-primitives/utils": "^6.2.3" }, "peerDependencies": { "solid-js": "^1.6.12", "solid-start": ">=0.2.26" }, "optionalPeers": ["solid-start"] }, "sha512-ziGRMSPi2PDnY6L6YPGWYnzmUEPIwO0PaDT9N1WNW9P2tUMMhgqKLXBrYfjytpjwY3UM6kIrbONMRADjyGtzAw=="],

    "@solid-primitives/utils": ["@solid-primitives/utils@6.4.1", "", { "peerDependencies": { "solid-js": "^1.6.12" } }, "sha512-ISSB5QX1qP2ynrheIpYwc4oKR5Ny4siNuUyf1qZniy+Il+p/PtDB0QK1Dnle8noiHpwRD3gpPdubOC3qI/Zamg=="],

    "@tanstack/devtools-event-client": ["@tanstack/devtools-event-client@0.4.4", "", { "bin": { "intent": "./bin/intent.js" } }, "sha512-6T5Yop/793YI+H+5J8Hsyj4kCih9sl4t3ElLgKioW5hk3ocn+ZdSJ94tT7vL7uabxSugWYBZlOTMPzEw2puvQw=="],

    "@tanstack/form-core": ["@tanstack/form-core@1.33.5", "", { "dependencies": { "@tanstack/devtools-event-client": "^0.4.1", "@tanstack/pacer-lite": "^0.1.1", "@tanstack/store": "^0.11.0" } }, "sha512-3dfx9MBP0aq5sXKteikG629X9oviptrQj0IFRk9YGcb+lB7Kv5x8S17oOSk1wUWgjQZ4xVJEMbKwOAODymocgA=="],

    "@tanstack/pacer-lite": ["@tanstack/pacer-lite@0.1.1", "", {}, "sha512-y/xtNPNt/YeyoVxE/JCx+T7yjEzpezmbb+toK8DDD1P4m7Kzs5YR956+7OKexG3f8aXgC3rLZl7b1V+yNUSy5w=="],

    "@tanstack/solid-form": ["@tanstack/solid-form@1.33.5", "", { "dependencies": { "@tanstack/form-core": "1.33.5", "@tanstack/solid-store": "^0.11.0" }, "peerDependencies": { "solid-js": ">=1.9.9" } }, "sha512-azYHYzNwop64bedJRKgjCpi5w9cHu7cNz+dAdSXzaqy9M6JO+GlKNQn54VFhCLYJo45sgNjcdrnz4eyTmgzJ/w=="],

    "@tanstack/solid-store": ["@tanstack/solid-store@0.11.1", "", { "dependencies": { "@tanstack/store": "0.11.1" }, "peerDependencies": { "solid-js": "^1.6.0" } }, "sha512-wzJsiqqLHyQacqbYPT8dKNfhR00NNu743vGeWz2lEpOyE/R+6AYIfFLhXsCIT/Kb+KKiT1KDkB2/35DhLEGx8g=="],

    "@tanstack/solid-table": ["@tanstack/solid-table@8.21.3", "", { "dependencies": { "@tanstack/table-core": "8.21.3" }, "peerDependencies": { "solid-js": ">=1.3" } }, "sha512-PmhfSLBxVKiFs01LtYOYrCRhCyTUjxmb4KlxRQiqcALtip8+DOJeeezQM4RSX/GUS0SMVHyH/dNboCpcO++k2A=="],

    "@tanstack/solid-virtual": ["@tanstack/solid-virtual@3.13.36", "", { "dependencies": { "@tanstack/virtual-core": "3.17.7" }, "peerDependencies": { "solid-js": "^1.3.0" } }, "sha512-9x4Eg3M+t7cY0/lswB6JnK1C/3YcsdBttUYQgSre+5zcwVJMZnp0Gy3mT++jeSN1bi7M5pxUPnAVoD1YE9DuLQ=="],

    "@tanstack/store": ["@tanstack/store@0.11.1", "", {}, "sha512-mzTOBhypOuDJAy/D8n2MfUZ1HFkXnmSETviRyhqEC8LUE7/IZQExOTxMANj3KjTofYTkFNpBY67qaVrT41YccA=="],

    "@tanstack/table-core": ["@tanstack/table-core@8.21.3", "", {}, "sha512-ldZXEhOBb8Is7xLs01fR3YEc3DERiz5silj8tnGkFZytt1abEvl/GhUmCE0PMLaMPTa3Jk4HbKmRlHmu+gCftg=="],

    "@tanstack/virtual-core": ["@tanstack/virtual-core@3.17.7", "", {}, "sha512-bp+v10y65sp2H7WpWfIMyxTNfl8ZVfxFTLRjPIFRryi6FV/J33z4IS53WO4pTk36KlvJ4iLiQz+oaydDC1xbcA=="],

    "clsx": ["clsx@2.1.1", "", {}, "sha512-eYm0QWBtUrBWZWG0d386OGAw16Z995PiOVo2B7bjWSbHedGl5e0ZWaq65kOGgUSNesEIDkB9ISbTg/JK9dhCZA=="],

    "csstype": ["csstype@3.2.3", "", {}, "sha512-z1HGKcYy2xA8AGQfwrn0PAy+PB7X/GSj3UVJW9qKyn43xWa+gl5nXmU4qqLMRzWVLFC8KusUX8T/0kCiOYpAIQ=="],

    "seroval": ["seroval@1.5.6", "", {}, "sha512-rVQVWjjSvlINzaQPZH5JFqsqEsIWdTxY3iJZCnTL/5gQbXIRooVZKI60tVCkOVfzcRPejboxO2t0P89dg5mQaA=="],

    "seroval-plugins": ["seroval-plugins@1.5.6", "", { "peerDependencies": { "seroval": "^1.0" } }, "sha512-HXuLAX2pu/UByPpaeo/TaMfvMIi+1QqIoPJYCcAtU8QkVNwgR6MPlGuCQTErV1JwraaMbYaWVIBX7mppzGLATQ=="],

    "solid-js": ["solid-js@1.9.14", "", { "dependencies": { "csstype": "^3.1.0", "seroval": "~1.5.4", "seroval-plugins": "~1.5.4" } }, "sha512-sAEXC0Kk0S1EDg+8ysEWJDbYhA3RRoEjwuySUGlKIemeo0I5YZfOyumNjNs9Sv3y2nmhD+0rW66ag2HsMuQiGQ=="],

    "solid-layouts": ["solid-layouts@0.1.3", "", { "peerDependencies": { "solid-js": "^1.9.14" } }, "sha512-SDlahgR/wbVA7x6M7Vgm1XqIShJ/1JeN0Kvbf4TZqj3CAZDjaTugkoJBogfg14+/Kfnh0BZ+86QFwjcXzMrpXA=="],

    "tailwind-merge": ["tailwind-merge@3.6.0", "", {}, "sha512-uxL7qAVQriqRQPAyK3pj66VqskWqoZ37PW94jwOTwNfq/z9oyu1V+eqrZqtR2+fCiXdYOZe/Modt8GtvqNzu+w=="],
  }
}
